
Microsoft Visual Studio Solution File, Format Version 12.00
# Visual Studio Version 17
VisualStudioVersion = 17.5.33502.453
MinimumVisualStudioVersion = 10.0.40219.1
Project("{FAE04EC0-301F-11D3-BF4B-00C04F79EFBC}") = "Sim23", "Sim23\Sim23.csproj", "{02F04A23-A5A6-4C11-9124-04A71CBA837A}"
EndProject
Global
	GlobalSection(SolutionConfigurationPlatforms) = preSolution
		Debug|Any CPU = Debug|Any CPU
		Release|Any CPU = Release|Any CPU
	EndGlobalSection
	GlobalSection(ProjectConfigurationPlatforms) = postSolution
		{02F04A23-A5A6-4C11-9124-04A71CBA837A}.Debug|Any CPU.ActiveCfg = Debug|Any CPU
		{02F04A23-A5A6-4C11-9124-04A71CBA837A}.Debug|Any CPU.Build.0 = Debug|Any CPU
		{02F04A23-A5A6-4C11-9124-04A71CBA837A}.Release|Any CPU.ActiveCfg = Release|Any CPU
		{02F04A23-A5A6-4C11-9124-04A71CBA837A}.Release|Any CPU.Build.0 = Release|Any CPU
	EndGlobalSection
	GlobalSection(SolutionProperties) = preSolution
		HideSolutionNode = FALSE
	EndGlobalSection
	GlobalSection(ExtensibilityGlobals) = postSolution
		SolutionGuid = {DA8C570B-6763-4914-A3BA-DC08BB366A87}
	EndGlobalSection
EndGlobal
